// !$*UTF8*$!
{
	archiveVersion = 1;
	classes = {
	};
	objectVersion = 46;
	objects = {

/* Begin PBXBuildFile section */
		95BBFA891F51345E00CFEDE0 /* MjVideoPlayerTests.swift in Sources */ = {isa = PBXBuildFile; fileRef = 95BBFA881F51345E00CFEDE0 /* MjVideoPlayerTests.swift */; };
		95BBFA941F51345E00CFEDE0 /* MjVideoPlayerUITests.swift in Sources */ = {isa = PBXBuildFile; fileRef = 95BBFA931F51345E00CFEDE0 /* MjVideoPlayerUITests.swift */; };
		95C49EEA1F51624600EC928D /* AppDelegate.swift in Sources */ = {isa = PBXBuildFile; fileRef = 95C49EE61F51624600EC928D /* AppDelegate.swift */; };
		95C49EEB1F51624600EC928D /* loading.gif in Resources */ = {isa = PBXBuildFile; fileRef = 95C49EE71F51624600EC928D /* loading.gif */; };
		95C49EEC1F51624600EC928D /* test.mp4 in Resources */ = {isa = PBXBuildFile; fileRef = 95C49EE81F51624600EC928D /* test.mp4 */; };
		95C49EED1F51624600EC928D /* ViewController.swift in Sources */ = {isa = PBXBuildFile; fileRef = 95C49EE91F51624600EC928D /* ViewController.swift */; };
		95C4A17E1F5162A500EC928D /* Main.storyboard in Resources */ = {isa = PBXBuildFile; fileRef = 95C4A0A21F5162A500EC928D /* Main.storyboard */; };
		95C4A1B11F5164CC00EC928D /* o_img_00001.png in Resources */ = {isa = PBXBuildFile; fileRef = 95C4A17F1F5164CB00EC928D /* o_img_00001.png */; };
		95C4A1B21F5164CC00EC928D /* o_img_00002.png in Resources */ = {isa = PBXBuildFile; fileRef = 95C4A1801F5164CB00EC928D /* o_img_00002.png */; };
		95C4A1B31F5164CC00EC928D /* o_img_00003.png in Resources */ = {isa = PBXBuildFile; fileRef = 95C4A1811F5164CB00EC928D /* o_img_00003.png */; };
		95C4A1B41F5164CC00EC928D /* o_img_00004.png in Resources */ = {isa = PBXBuildFile; fileRef = 95C4A1821F5164CB00EC928D /* o_img_00004.png */; };
		95C4A1B51F5164CC00EC928D /* o_img_00005.png in Resources */ = {isa = PBXBuildFile; fileRef = 95C4A1831F5164CB00EC928D /* o_img_00005.png */; };
		95C4A1B61F5164CC00EC928D /* o_img_00006.png in Resources */ = {isa = PBXBuildFile; fileRef = 95C4A1841F5164CB00EC928D /* o_img_00006.png */; };
		95C4A1B71F5164CC00EC928D /* o_img_00007.png in Resources */ = {isa = PBXBuildFile; fileRef = 95C4A1851F5164CB00EC928D /* o_img_00007.png */; };
		95C4A1B81F5164CC00EC928D /* o_img_00008.png in Resources */ = {isa = PBXBuildFile; fileRef = 95C4A1861F5164CB00EC928D /* o_img_00008.png */; };
		95C4A1B91F5164CC00EC928D /* o_img_00009.png in Resources */ = {isa = PBXBuildFile; fileRef = 95C4A1871F5164CB00EC928D /* o_img_00009.png */; };
		95C4A1BA1F5164CC00EC928D /* o_img_00010.png in Resources */ = {isa = PBXBuildFile; fileRef = 95C4A1881F5164CB00EC928D /* o_img_00010.png */; };
		95C4A1BB1F5164CC00EC928D /* o_img_00011.png in Resources */ = {isa = PBXBuildFile; fileRef = 95C4A1891F5164CB00EC928D /* o_img_00011.png */; };
		95C4A1BC1F5164CC00EC928D /* o_img_00012.png in Resources */ = {isa = PBXBuildFile; fileRef = 95C4A18A1F5164CB00EC928D /* o_img_00012.png */; };
		95C4A1BD1F5164CC00EC928D /* o_img_00013.png in Resources */ = {isa = PBXBuildFile; fileRef = 95C4A18B1F5164CB00EC928D /* o_img_00013.png */; };
		95C4A1BE1F5164CC00EC928D /* o_img_00014.png in Resources */ = {isa = PBXBuildFile; fileRef = 95C4A18C1F5164CB00EC928D /* o_img_00014.png */; };
		95C4A1BF1F5164CC00EC928D /* o_img_00015.png in Resources */ = {isa = PBXBuildFile; fileRef = 95C4A18D1F5164CB00EC928D /* o_img_00015.png */; };
		95C4A1C01F5164CC00EC928D /* o_img_00016.png in Resources */ = {isa = PBXBuildFile; fileRef = 95C4A18E1F5164CB00EC928D /* o_img_00016.png */; };
		95C4A1C11F5164CC00EC928D /* o_img_00017.png in Resources */ = {isa = PBXBuildFile; fileRef = 95C4A18F1F5164CB00EC928D /* o_img_00017.png */; };
		95C4A1C21F5164CC00EC928D /* o_img_00018.png in Resources */ = {isa = PBXBuildFile; fileRef = 95C4A1901F5164CB00EC928D /* o_img_00018.png */; };
		95C4A1C31F5164CC00EC928D /* o_img_00019.png in Resources */ = {isa = PBXBuildFile; fileRef = 95C4A1911F5164CC00EC928D /* o_img_00019.png */; };
		95C4A1C41F5164CC00EC928D /* o_img_00020.png in Resources */ = {isa = PBXBuildFile; fileRef = 95C4A1921F5164CC00EC928D /* o_img_00020.png */; };
		95C4A1C51F5164CC00EC928D /* o_img_00021.png in Resources */ = {isa = PBXBuildFile; fileRef = 95C4A1931F5164CC00EC928D /* o_img_00021.png */; };
		95C4A1C61F5164CC00EC928D /* o_img_00022.png in Resources */ = {isa = PBXBuildFile; fileRef = 95C4A1941F5164CC00EC928D /* o_img_00022.png */; };
		95C4A1C71F5164CC00EC928D /* o_img_00023.png in Resources */ = {isa = PBXBuildFile; fileRef = 95C4A1951F5164CC00EC928D /* o_img_00023.png */; };
		95C4A1C81F5164CC00EC928D /* o_img_00024.png in Resources */ = {isa = PBXBuildFile; fileRef = 95C4A1961F5164CC00EC928D /* o_img_00024.png */; };
		95C4A1C91F5164CC00EC928D /* o_img_00025.png in Resources */ = {isa = PBXBuildFile; fileRef = 95C4A1971F5164CC00EC928D /* o_img_00025.png */; };
		95C4A1CA1F5164CC00EC928D /* o_img_00026.png in Resources */ = {isa = PBXBuildFile; fileRef = 95C4A1981F5164CC00EC928D /* o_img_00026.png */; };
		95C4A1CB1F5164CC00EC928D /* o_img_00027.png in Resources */ = {isa = PBXBuildFile; fileRef = 95C4A1991F5164CC00EC928D /* o_img_00027.png */; };
		95C4A1CC1F5164CC00EC928D /* o_img_00028.png in Resources */ = {isa = PBXBuildFile; fileRef = 95C4A19A1F5164CC00EC928D /* o_img_00028.png */; };
		95C4A1CD1F5164CC00EC928D /* o_img_00029.png in Resources */ = {isa = PBXBuildFile; fileRef = 95C4A19B1F5164CC00EC928D /* o_img_00029.png */; };
		95C4A1CE1F5164CC00EC928D /* o_img_00030.png in Resources */ = {isa = PBXBuildFile; fileRef = 95C4A19C1F5164CC00EC928D /* o_img_00030.png */; };
		95C4A1CF1F5164CC00EC928D /* o_img_00031.png in Resources */ = {isa = PBXBuildFile; fileRef = 95C4A19D1F5164CC00EC928D /* o_img_00031.png */; };
		95C4A1D01F5164CC00EC928D /* o_img_00032.png in Resources */ = {isa = PBXBuildFile; fileRef = 95C4A19E1F5164CC00EC928D /* o_img_00032.png */; };
		95C4A1D11F5164CC00EC928D /* o_img_00033.png in Resources */ = {isa = PBXBuildFile; fileRef = 95C4A19F1F5164CC00EC928D /* o_img_00033.png */; };
		95C4A1D21F5164CC00EC928D /* o_img_00034.png in Resources */ = {isa = PBXBuildFile; fileRef = 95C4A1A01F5164CC00EC928D /* o_img_00034.png */; };
		95C4A1D31F5164CC00EC928D /* o_img_00035.png in Resources */ = {isa = PBXBuildFile; fileRef = 95C4A1A11F5164CC00EC928D /* o_img_00035.png */; };
		95C4A1D41F5164CC00EC928D /* o_img_00036.png in Resources */ = {isa = PBXBuildFile; fileRef = 95C4A1A21F5164CC00EC928D /* o_img_00036.png */; };
		95C4A1D51F5164CC00EC928D /* o_img_00037.png in Resources */ = {isa = PBXBuildFile; fileRef = 95C4A1A31F5164CC00EC928D /* o_img_00037.png */; };
		95C4A1D61F5164CC00EC928D /* o_img_00038.png in Resources */ = {isa = PBXBuildFile; fileRef = 95C4A1A41F5164CC00EC928D /* o_img_00038.png */; };
		95C4A1D71F5164CC00EC928D /* o_img_00039.png in Resources */ = {isa = PBXBuildFile; fileRef = 95C4A1A51F5164CC00EC928D /* o_img_00039.png */; };
		95C4A1D81F5164CC00EC928D /* o_img_00040.png in Resources */ = {isa = PBXBuildFile; fileRef = 95C4A1A61F5164CC00EC928D /* o_img_00040.png */; };
		95C4A1D91F5164CC00EC928D /* o_img_00041.png in Resources */ = {isa = PBXBuildFile; fileRef = 95C4A1A71F5164CC00EC928D /* o_img_00041.png */; };
		95C4A1DA1F5164CC00EC928D /* o_img_00042.png in Resources */ = {isa = PBXBuildFile; fileRef = 95C4A1A81F5164CC00EC928D /* o_img_00042.png */; };
		95C4A1DB1F5164CC00EC928D /* o_img_00043.png in Resources */ = {isa = PBXBuildFile; fileRef = 95C4A1A91F5164CC00EC928D /* o_img_00043.png */; };
		95C4A1DC1F5164CC00EC928D /* o_img_00044.png in Resources */ = {isa = PBXBuildFile; fileRef = 95C4A1AA1F5164CC00EC928D /* o_img_00044.png */; };
		95C4A1DD1F5164CC00EC928D /* o_img_00045.png in Resources */ = {isa = PBXBuildFile; fileRef = 95C4A1AB1F5164CC00EC928D /* o_img_00045.png */; };
		95C4A1DE1F5164CC00EC928D /* o_img_00046.png in Resources */ = {isa = PBXBuildFile; fileRef = 95C4A1AC1F5164CC00EC928D /* o_img_00046.png */; };
		95C4A1DF1F5164CC00EC928D /* o_img_00047.png in Resources */ = {isa = PBXBuildFile; fileRef = 95C4A1AD1F5164CC00EC928D /* o_img_00047.png */; };
		95C4A1E01F5164CC00EC928D /* o_img_00048.png in Resources */ = {isa = PBXBuildFile; fileRef = 95C4A1AE1F5164CC00EC928D /* o_img_00048.png */; };
		95C4A1E11F5164CC00EC928D /* o_img_00049.png in Resources */ = {isa = PBXBuildFile; fileRef = 95C4A1AF1F5164CC00EC928D /* o_img_00049.png */; };
		95C4A1E21F5164CC00EC928D /* o_img_00050.png in Resources */ = {isa = PBXBuildFile; fileRef = 95C4A1B01F5164CC00EC928D /* o_img_00050.png */; };
/* End PBXBuildFile section */

/* Begin PBXContainerItemProxy section */
		95BBFA851F51345E00CFEDE0 /* PBXContainerItemProxy */ = {
			isa = PBXContainerItemProxy;
			containerPortal = 95BBFA6B1F51345E00CFEDE0 /* Project object */;
			proxyType = 1;
			remoteGlobalIDString = 95BBFA721F51345E00CFEDE0;
			remoteInfo = MjVideoPlayer;
		};
		95BBFA901F51345E00CFEDE0 /* PBXContainerItemProxy */ = {
			isa = PBXContainerItemProxy;
			containerPortal = 95BBFA6B1F51345E00CFEDE0 /* Project object */;
			proxyType = 1;
			remoteGlobalIDString = 95BBFA721F51345E00CFEDE0;
			remoteInfo = MjVideoPlayer;
		};
/* End PBXContainerItemProxy section */

/* Begin PBXFileReference section */
		95BBFA731F51345E00CFEDE0 /* MjVideoPlayer.app */ = {isa = PBXFileReference; explicitFileType = wrapper.application; includeInIndex = 0; path = MjVideoPlayer.app; sourceTree = BUILT_PRODUCTS_DIR; };
		95BBFA841F51345E00CFEDE0 /* MjVideoPlayerTests.xctest */ = {isa = PBXFileReference; explicitFileType = wrapper.cfbundle; includeInIndex = 0; path = MjVideoPlayerTests.xctest; sourceTree = BUILT_PRODUCTS_DIR; };
		95BBFA881F51345E00CFEDE0 /* MjVideoPlayerTests.swift */ = {isa = PBXFileReference; lastKnownFileType = sourcecode.swift; path = MjVideoPlayerTests.swift; sourceTree = "<group>"; };
		95BBFA8A1F51345E00CFEDE0 /* Info.plist */ = {isa = PBXFileReference; lastKnownFileType = text.plist.xml; path = Info.plist; sourceTree = "<group>"; };
		95BBFA8F1F51345E00CFEDE0 /* MjVideoPlayerUITests.xctest */ = {isa = PBXFileReference; explicitFileType = wrapper.cfbundle; includeInIndex = 0; path = MjVideoPlayerUITests.xctest; sourceTree = BUILT_PRODUCTS_DIR; };
		95BBFA931F51345E00CFEDE0 /* MjVideoPlayerUITests.swift */ = {isa = PBXFileReference; lastKnownFileType = sourcecode.swift; path = MjVideoPlayerUITests.swift; sourceTree = "<group>"; };
		95BBFA951F51345E00CFEDE0 /* Info.plist */ = {isa = PBXFileReference; lastKnownFileType = text.plist.xml; path = Info.plist; sourceTree = "<group>"; };
		95C49EE61F51624600EC928D /* AppDelegate.swift */ = {isa = PBXFileReference; fileEncoding = 4; lastKnownFileType = sourcecode.swift; name = AppDelegate.swift; path = MjVideoPlayer/AppDelegate.swift; sourceTree = "<group>"; };
		95C49EE71F51624600EC928D /* loading.gif */ = {isa = PBXFileReference; lastKnownFileType = image.gif; name = loading.gif; path = MjVideoPlayer/loading.gif; sourceTree = "<group>"; };
		95C49EE81F51624600EC928D /* test.mp4 */ = {isa = PBXFileReference; lastKnownFileType = file; name = test.mp4; path = MjVideoPlayer/test.mp4; sourceTree = "<group>"; };
		95C49EE91F51624600EC928D /* ViewController.swift */ = {isa = PBXFileReference; fileEncoding = 4; lastKnownFileType = sourcecode.swift; name = ViewController.swift; path = MjVideoPlayer/ViewController.swift; sourceTree = "<group>"; };
		95C4A0A31F5162A500EC928D /* Base */ = {isa = PBXFileReference; lastKnownFileType = file.storyboard; name = Base; path = MjVideoPlayer/Base.lproj/Main.storyboard; sourceTree = "<group>"; };
		95C4A17F1F5164CB00EC928D /* o_img_00001.png */ = {isa = PBXFileReference; lastKnownFileType = image.png; name = o_img_00001.png; path = MjVideoPlayer/o_img_00001.png; sourceTree = "<group>"; };
		95C4A1801F5164CB00EC928D /* o_img_00002.png */ = {isa = PBXFileReference; lastKnownFileType = image.png; name = o_img_00002.png; path = MjVideoPlayer/o_img_00002.png; sourceTree = "<group>"; };
		95C4A1811F5164CB00EC928D /* o_img_00003.png */ = {isa = PBXFileReference; lastKnownFileType = image.png; name = o_img_00003.png; path = MjVideoPlayer/o_img_00003.png; sourceTree = "<group>"; };
		95C4A1821F5164CB00EC928D /* o_img_00004.png */ = {isa = PBXFileReference; lastKnownFileType = image.png; name = o_img_00004.png; path = MjVideoPlayer/o_img_00004.png; sourceTree = "<group>"; };
		95C4A1831F5164CB00EC928D /* o_img_00005.png */ = {isa = PBXFileReference; lastKnownFileType = image.png; name = o_img_00005.png; path = MjVideoPlayer/o_img_00005.png; sourceTree = "<group>"; };
		95C4A1841F5164CB00EC928D /* o_img_00006.png */ = {isa = PBXFileReference; lastKnownFileType = image.png; name = o_img_00006.png; path = MjVideoPlayer/o_img_00006.png; sourceTree = "<group>"; };
		95C4A1851F5164CB00EC928D /* o_img_00007.png */ = {isa = PBXFileReference; lastKnownFileType = image.png; name = o_img_00007.png; path = MjVideoPlayer/o_img_00007.png; sourceTree = "<group>"; };
		95C4A1861F5164CB00EC928D /* o_img_00008.png */ = {isa = PBXFileReference; lastKnownFileType = image.png; name = o_img_00008.png; path = MjVideoPlayer/o_img_00008.png; sourceTree = "<group>"; };
		95C4A1871F5164CB00EC928D /* o_img_00009.png */ = {isa = PBXFileReference; lastKnownFileType = image.png; name = o_img_00009.png; path = MjVideoPlayer/o_img_00009.png; sourceTree = "<group>"; };
		95C4A1881F5164CB00EC928D /* o_img_00010.png */ = {isa = PBXFileReference; lastKnownFileType = image.png; name = o_img_00010.png; path = MjVideoPlayer/o_img_00010.png; sourceTree = "<group>"; };
		95C4A1891F5164CB00EC928D /* o_img_00011.png */ = {isa = PBXFileReference; lastKnownFileType = image.png; name = o_img_00011.png; path = MjVideoPlayer/o_img_00011.png; sourceTree = "<group>"; };
		95C4A18A1F5164CB00EC928D /* o_img_00012.png */ = {isa = PBXFileReference; lastKnownFileType = image.png; name = o_img_00012.png; path = MjVideoPlayer/o_img_00012.png; sourceTree = "<group>"; };
		95C4A18B1F5164CB00EC928D /* o_img_00013.png */ = {isa = PBXFileReference; lastKnownFileType = image.png; name = o_img_00013.png; path = MjVideoPlayer/o_img_00013.png; sourceTree = "<group>"; };
		95C4A18C1F5164CB00EC928D /* o_img_00014.png */ = {isa = PBXFileReference; lastKnownFileType = image.png; name = o_img_00014.png; path = MjVideoPlayer/o_img_00014.png; sourceTree = "<group>"; };
		95C4A18D1F5164CB00EC928D /* o_img_00015.png */ = {isa = PBXFileReference; lastKnownFileType = image.png; name = o_img_00015.png; path = MjVideoPlayer/o_img_00015.png; sourceTree = "<group>"; };
		95C4A18E1F5164CB00EC928D /* o_img_00016.png */ = {isa = PBXFileReference; lastKnownFileType = image.png; name = o_img_00016.png; path = MjVideoPlayer/o_img_00016.png; sourceTree = "<group>"; };
		95C4A18F1F5164CB00EC928D /* o_img_00017.png */ = {isa = PBXFileReference; lastKnownFileType = image.png; name = o_img_00017.png; path = MjVideoPlayer/o_img_00017.png; sourceTree = "<group>"; };
		95C4A1901F5164CB00EC928D /* o_img_00018.png */ = {isa = PBXFileReference; lastKnownFileType = image.png; name = o_img_00018.png; path = MjVideoPlayer/o_img_00018.png; sourceTree = "<group>"; };
		95C4A1911F5164CC00EC928D /* o_img_00019.png */ = {isa = PBXFileReference; lastKnownFileType = image.png; name = o_img_00019.png; path = MjVideoPlayer/o_img_00019.png; sourceTree = "<group>"; };
		95C4A1921F5164CC00EC928D /* o_img_00020.png */ = {isa = PBXFileReference; lastKnownFileType = image.png; name = o_img_00020.png; path = MjVideoPlayer/o_img_00020.png; sourceTree = "<group>"; };
		95C4A1931F5164CC00EC928D /* o_img_00021.png */ = {isa = PBXFileReference; lastKnownFileType = image.png; name = o_img_00021.png; path = MjVideoPlayer/o_img_00021.png; sourceTree = "<group>"; };
		95C4A1941F5164CC00EC928D /* o_img_00022.png */ = {isa = PBXFileReference; lastKnownFileType = image.png; name = o_img_00022.png; path = MjVideoPlayer/o_img_00022.png; sourceTree = "<group>"; };
		95C4A1951F5164CC00EC928D /* o_img_00023.png */ = {isa = PBXFileReference; lastKnownFileType = image.png; name = o_img_00023.png; path = MjVideoPlayer/o_img_00023.png; sourceTree = "<group>"; };
		95C4A1961F5164CC00EC928D /* o_img_00024.png */ = {isa = PBXFileReference; lastKnownFileType = image.png; name = o_img_00024.png; path = MjVideoPlayer/o_img_00024.png; sourceTree = "<group>"; };
		95C4A1971F5164CC00EC928D /* o_img_00025.png */ = {isa = PBXFileReference; lastKnownFileType = image.png; name = o_img_00025.png; path = MjVideoPlayer/o_img_00025.png; sourceTree = "<group>"; };
		95C4A1981F5164CC00EC928D /* o_img_00026.png */ = {isa = PBXFileReference; lastKnownFileType = image.png; name = o_img_00026.png; path = MjVideoPlayer/o_img_00026.png; sourceTree = "<group>"; };
		95C4A1991F5164CC00EC928D /* o_img_00027.png */ = {isa = PBXFileReference; lastKnownFileType = image.png; name = o_img_00027.png; path = MjVideoPlayer/o_img_00027.png; sourceTree = "<group>"; };
		95C4A19A1F5164CC00EC928D /* o_img_00028.png */ = {isa = PBXFileReference; lastKnownFileType = image.png; name = o_img_00028.png; path = MjVideoPlayer/o_img_00028.png; sourceTree = "<group>"; };
		95C4A19B1F5164CC00EC928D /* o_img_00029.png */ = {isa = PBXFileReference; lastKnownFileType = image.png; name = o_img_00029.png; path = MjVideoPlayer/o_img_00029.png; sourceTree = "<group>"; };
		95C4A19C1F5164CC00EC928D /* o_img_00030.png */ = {isa = PBXFileReference; lastKnownFileType = image.png; name = o_img_00030.png; path = MjVideoPlayer/o_img_00030.png; sourceTree = "<group>"; };
		95C4A19D1F5164CC00EC928D /* o_img_00031.png */ = {isa = PBXFileReference; lastKnownFileType = image.png; name = o_img_00031.png; path = MjVideoPlayer/o_img_00031.png; sourceTree = "<group>"; };
		95C4A19E1F5164CC00EC928D /* o_img_00032.png */ = {isa = PBXFileReference; lastKnownFileType = image.png; name = o_img_00032.png; path = MjVideoPlayer/o_img_00032.png; sourceTree = "<group>"; };
		95C4A19F1F5164CC00EC928D /* o_img_00033.png */ = {isa = PBXFileReference; lastKnownFileType = image.png; name = o_img_00033.png; path = MjVideoPlayer/o_img_00033.png; sourceTree = "<group>"; };
		95C4A1A01F5164CC00EC928D /* o_img_00034.png */ = {isa = PBXFileReference; lastKnownFileType = image.png; name = o_img_00034.png; path = MjVideoPlayer/o_img_00034.png; sourceTree = "<group>"; };
		95C4A1A11F5164CC00EC928D /* o_img_00035.png */ = {isa = PBXFileReference; lastKnownFileType = image.png; name = o_img_00035.png; path = MjVideoPlayer/o_img_00035.png; sourceTree = "<group>"; };
		95C4A1A21F5164CC00EC928D /* o_img_00036.png */ = {isa = PBXFileReference; lastKnownFileType = image.png; name = o_img_00036.png; path = MjVideoPlayer/o_img_00036.png; sourceTree = "<group>"; };
		95C4A1A31F5164CC00EC928D /* o_img_00037.png */ = {isa = PBXFileReference; lastKnownFileType = image.png; name = o_img_00037.png; path = MjVideoPlayer/o_img_00037.png; sourceTree = "<group>"; };
		95C4A1A41F5164CC00EC928D /* o_img_00038.png */ = {isa = PBXFileReference; lastKnownFileType = image.png; name = o_img_00038.png; path = MjVideoPlayer/o_img_00038.png; sourceTree = "<group>"; };
		95C4A1A51F5164CC00EC928D /* o_img_00039.png */ = {isa = PBXFileReference; lastKnownFileType = image.png; name = o_img_00039.png; path = MjVideoPlayer/o_img_00039.png; sourceTree = "<group>"; };
		95C4A1A61F5164CC00EC928D /* o_img_00040.png */ = {isa = PBXFileReference; lastKnownFileType = image.png; name = o_img_00040.png; path = MjVideoPlayer/o_img_00040.png; sourceTree = "<group>"; };
		95C4A1A71F5164CC00EC928D /* o_img_00041.png */ = {isa = PBXFileReference; lastKnownFileType = image.png; name = o_img_00041.png; path = MjVideoPlayer/o_img_00041.png; sourceTree = "<group>"; };
		95C4A1A81F5164CC00EC928D /* o_img_00042.png */ = {isa = PBXFileReference; lastKnownFileType = image.png; name = o_img_00042.png; path = MjVideoPlayer/o_img_00042.png; sourceTree = "<group>"; };
		95C4A1A91F5164CC00EC928D /* o_img_00043.png */ = {isa = PBXFileReference; lastKnownFileType = image.png; name = o_img_00043.png; path = MjVideoPlayer/o_img_00043.png; sourceTree = "<group>"; };
		95C4A1AA1F5164CC00EC928D /* o_img_00044.png */ = {isa = PBXFileReference; lastKnownFileType = image.png; name = o_img_00044.png; path = MjVideoPlayer/o_img_00044.png; sourceTree = "<group>"; };
		95C4A1AB1F5164CC00EC928D /* o_img_00045.png */ = {isa = PBXFileReference; lastKnownFileType = image.png; name = o_img_00045.png; path = MjVideoPlayer/o_img_00045.png; sourceTree = "<group>"; };
		95C4A1AC1F5164CC00EC928D /* o_img_00046.png */ = {isa = PBXFileReference; lastKnownFileType = image.png; name = o_img_00046.png; path = MjVideoPlayer/o_img_00046.png; sourceTree = "<group>"; };
		95C4A1AD1F5164CC00EC928D /* o_img_00047.png */ = {isa = PBXFileReference; lastKnownFileType = image.png; name = o_img_00047.png; path = MjVideoPlayer/o_img_00047.png; sourceTree = "<group>"; };
		95C4A1AE1F5164CC00EC928D /* o_img_00048.png */ = {isa = PBXFileReference; lastKnownFileType = image.png; name = o_img_00048.png; path = MjVideoPlayer/o_img_00048.png; sourceTree = "<group>"; };
		95C4A1AF1F5164CC00EC928D /* o_img_00049.png */ = {isa = PBXFileReference; lastKnownFileType = image.png; name = o_img_00049.png; path = MjVideoPlayer/o_img_00049.png; sourceTree = "<group>"; };
		95C4A1B01F5164CC00EC928D /* o_img_00050.png */ = {isa = PBXFileReference; lastKnownFileType = image.png; name = o_img_00050.png; path = MjVideoPlayer/o_img_00050.png; sourceTree = "<group>"; };
/* End PBXFileReference section */

/* Begin PBXFrameworksBuildPhase section */
		95BBFA701F51345E00CFEDE0 /* Frameworks */ = {
			isa = PBXFrameworksBuildPhase;
			buildActionMask = 2147483647;
			files = (
			);
			runOnlyForDeploymentPostprocessing = 0;
		};
		95BBFA811F51345E00CFEDE0 /* Frameworks */ = {
			isa = PBXFrameworksBuildPhase;
			buildActionMask = 2147483647;
			files = (
			);
			runOnlyForDeploymentPostprocessing = 0;
		};
		95BBFA8C1F51345E00CFEDE0 /* Frameworks */ = {
			isa = PBXFrameworksBuildPhase;
			buildActionMask = 2147483647;
			files = (
			);
			runOnlyForDeploymentPostprocessing = 0;
		};
/* End PBXFrameworksBuildPhase section */

/* Begin PBXGroup section */
		95BBFA6A1F51345E00CFEDE0 = {
			isa = PBXGroup;
			children = (
				95C49EE51F51621E00EC928D /* MjVideoPlayer */,
				95BBFA871F51345E00CFEDE0 /* MjVideoPlayerTests */,
				95BBFA921F51345E00CFEDE0 /* MjVideoPlayerUITests */,
				95BBFA741F51345E00CFEDE0 /* Products */,
			);
			sourceTree = "<group>";
		};
		95BBFA741F51345E00CFEDE0 /* Products */ = {
			isa = PBXGroup;
			children = (
				95BBFA731F51345E00CFEDE0 /* MjVideoPlayer.app */,
				95BBFA841F51345E00CFEDE0 /* MjVideoPlayerTests.xctest */,
				95BBFA8F1F51345E00CFEDE0 /* MjVideoPlayerUITests.xctest */,
			);
			name = Products;
			sourceTree = "<group>";
		};
		95BBFA871F51345E00CFEDE0 /* MjVideoPlayerTests */ = {
			isa = PBXGroup;
			children = (
				95BBFA881F51345E00CFEDE0 /* MjVideoPlayerTests.swift */,
				95BBFA8A1F51345E00CFEDE0 /* Info.plist */,
			);
			path = MjVideoPlayerTests;
			sourceTree = "<group>";
		};
		95BBFA921F51345E00CFEDE0 /* MjVideoPlayerUITests */ = {
			isa = PBXGroup;
			children = (
				95BBFA931F51345E00CFEDE0 /* MjVideoPlayerUITests.swift */,
				95BBFA951F51345E00CFEDE0 /* Info.plist */,
			);
			path = MjVideoPlayerUITests;
			sourceTree = "<group>";
		};
		95C49EE51F51621E00EC928D /* MjVideoPlayer */ = {
			isa = PBXGroup;
			children = (
				95C4A17F1F5164CB00EC928D /* o_img_00001.png */,
				95C4A1801F5164CB00EC928D /* o_img_00002.png */,
				95C4A1811F5164CB00EC928D /* o_img_00003.png */,
				95C4A1821F5164CB00EC928D /* o_img_00004.png */,
				95C4A1831F5164CB00EC928D /* o_img_00005.png */,
				95C4A1841F5164CB00EC928D /* o_img_00006.png */,
				95C4A1851F5164CB00EC928D /* o_img_00007.png */,
				95C4A1861F5164CB00EC928D /* o_img_00008.png */,
				95C4A1871F5164CB00EC928D /* o_img_00009.png */,
				95C4A1881F5164CB00EC928D /* o_img_00010.png */,
				95C4A1891F5164CB00EC928D /* o_img_00011.png */,
				95C4A18A1F5164CB00EC928D /* o_img_00012.png */,
				95C4A18B1F5164CB00EC928D /* o_img_00013.png */,
				95C4A18C1F5164CB00EC928D /* o_img_00014.png */,
				95C4A18D1F5164CB00EC928D /* o_img_00015.png */,
				95C4A18E1F5164CB00EC928D /* o_img_00016.png */,
				95C4A18F1F5164CB00EC928D /* o_img_00017.png */,
				95C4A1901F5164CB00EC928D /* o_img_00018.png */,
				95C4A1911F5164CC00EC928D /* o_img_00019.png */,
				95C4A1921F5164CC00EC928D /* o_img_00020.png */,
				95C4A1931F5164CC00EC928D /* o_img_00021.png */,
				95C4A1941F5164CC00EC928D /* o_img_00022.png */,
				95C4A1951F5164CC00EC928D /* o_img_00023.png */,
				95C4A1961F5164CC00EC928D /* o_img_00024.png */,
				95C4A1971F5164CC00EC928D /* o_img_00025.png */,
				95C4A1981F5164CC00EC928D /* o_img_00026.png */,
				95C4A1991F5164CC00EC928D /* o_img_00027.png */,
				95C4A19A1F5164CC00EC928D /* o_img_00028.png */,
				95C4A19B1F5164CC00EC928D /* o_img_00029.png */,
				95C4A19C1F5164CC00EC928D /* o_img_00030.png */,
				95C4A19D1F5164CC00EC928D /* o_img_00031.png */,
				95C4A19E1F5164CC00EC928D /* o_img_00032.png */,
				95C4A19F1F5164CC00EC928D /* o_img_00033.png */,
				95C4A1A01F5164CC00EC928D /* o_img_00034.png */,
				95C4A1A11F5164CC00EC928D /* o_img_00035.png */,
				95C4A1A21F5164CC00EC928D /* o_img_00036.png */,
				95C4A1A31F5164CC00EC928D /* o_img_00037.png */,
				95C4A1A41F5164CC00EC928D /* o_img_00038.png */,
				95C4A1A51F5164CC00EC928D /* o_img_00039.png */,
				95C4A1A61F5164CC00EC928D /* o_img_00040.png */,
				95C4A1A71F5164CC00EC928D /* o_img_00041.png */,
				95C4A1A81F5164CC00EC928D /* o_img_00042.png */,
				95C4A1A91F5164CC00EC928D /* o_img_00043.png */,
				95C4A1AA1F5164CC00EC928D /* o_img_00044.png */,
				95C4A1AB1F5164CC00EC928D /* o_img_00045.png */,
				95C4A1AC1F5164CC00EC928D /* o_img_00046.png */,
				95C4A1AD1F5164CC00EC928D /* o_img_00047.png */,
				95C4A1AE1F5164CC00EC928D /* o_img_00048.png */,
				95C4A1AF1F5164CC00EC928D /* o_img_00049.png */,
				95C4A1B01F5164CC00EC928D /* o_img_00050.png */,
				95C4A0A21F5162A500EC928D /* Main.storyboard */,
				95C49EE61F51624600EC928D /* AppDelegate.swift */,
				95C49EE71F51624600EC928D /* loading.gif */,
				95C49EE81F51624600EC928D /* test.mp4 */,
				95C49EE91F51624600EC928D /* ViewController.swift */,
			);
			name = MjVideoPlayer;
			sourceTree = "<group>";
		};
/* End PBXGroup section */

/* Begin PBXNativeTarget section */
		95BBFA721F51345E00CFEDE0 /* MjVideoPlayer */ = {
			isa = PBXNativeTarget;
			buildConfigurationList = 95BBFA981F51345E00CFEDE0 /* Build configuration list for PBXNativeTarget "MjVideoPlayer" */;
			buildPhases = (
				95BBFA6F1F51345E00CFEDE0 /* Sources */,
				95BBFA701F51345E00CFEDE0 /* Frameworks */,
				95BBFA711F51345E00CFEDE0 /* Resources */,
			);
			buildRules = (
			);
			dependencies = (
			);
			name = MjVideoPlayer;
			productName = MjVideoPlayer;
			productReference = 95BBFA731F51345E00CFEDE0 /* MjVideoPlayer.app */;
			productType = "com.apple.product-type.application";
		};
		95BBFA831F51345E00CFEDE0 /* MjVideoPlayerTests */ = {
			isa = PBXNativeTarget;
			buildConfigurationList = 95BBFA9B1F51345E00CFEDE0 /* Build configuration list for PBXNativeTarget "MjVideoPlayerTests" */;
			buildPhases = (
				95BBFA801F51345E00CFEDE0 /* Sources */,
				95BBFA811F51345E00CFEDE0 /* Frameworks */,
				95BBFA821F51345E00CFEDE0 /* Resources */,
			);
			buildRules = (
			);
			dependencies = (
				95BBFA861F51345E00CFEDE0 /* PBXTargetDependency */,
			);
			name = MjVideoPlayerTests;
			productName = MjVideoPlayerTests;
			productReference = 95BBFA841F51345E00CFEDE0 /* MjVideoPlayerTests.xctest */;
			productType = "com.apple.product-type.bundle.unit-test";
		};
		95BBFA8E1F51345E00CFEDE0 /* MjVideoPlayerUITests */ = {
			isa = PBXNativeTarget;
			buildConfigurationList = 95BBFA9E1F51345E00CFEDE0 /* Build configuration list for PBXNativeTarget "MjVideoPlayerUITests" */;
			buildPhases = (
				95BBFA8B1F51345E00CFEDE0 /* Sources */,
				95BBFA8C1F51345E00CFEDE0 /* Frameworks */,
				95BBFA8D1F51345E00CFEDE0 /* Resources */,
			);
			buildRules = (
			);
			dependencies = (
				95BBFA911F51345E00CFEDE0 /* PBXTargetDependency */,
			);
			name = MjVideoPlayerUITests;
			productName = MjVideoPlayerUITests;
			productReference = 95BBFA8F1F51345E00CFEDE0 /* MjVideoPlayerUITests.xctest */;
			productType = "com.apple.product-type.bundle.ui-testing";
		};
/* End PBXNativeTarget section */

/* Begin PBXProject section */
		95BBFA6B1F51345E00CFEDE0 /* Project object */ = {
			isa = PBXProject;
			attributes = {
				LastSwiftUpdateCheck = 0830;
				LastUpgradeCheck = 0830;
				ORGANIZATIONNAME = "Shoken Fujisaki";
				TargetAttributes = {
					95BBFA721F51345E00CFEDE0 = {
						CreatedOnToolsVersion = 8.3.3;
						LastSwiftMigration = 0830;
						ProvisioningStyle = Automatic;
					};
					95BBFA831F51345E00CFEDE0 = {
						CreatedOnToolsVersion = 8.3.3;
						ProvisioningStyle = Automatic;
						TestTargetID = 95BBFA721F51345E00CFEDE0;
					};
					95BBFA8E1F51345E00CFEDE0 = {
						CreatedOnToolsVersion = 8.3.3;
						ProvisioningStyle = Automatic;
						TestTargetID = 95BBFA721F51345E00CFEDE0;
					};
				};
			};
			buildConfigurationList = 95BBFA6E1F51345E00CFEDE0 /* Build configuration list for PBXProject "MjVideoPlayer" */;
			compatibilityVersion = "Xcode 3.2";
			developmentRegion = English;
			hasScannedForEncodings = 0;
			knownRegions = (
				en,
				Base,
			);
			mainGroup = 95BBFA6A1F51345E00CFEDE0;
			productRefGroup = 95BBFA741F51345E00CFEDE0 /* Products */;
			projectDirPath = "";
			projectRoot = "";
			targets = (
				95BBFA721F51345E00CFEDE0 /* MjVideoPlayer */,
				95BBFA831F51345E00CFEDE0 /* MjVideoPlayerTests */,
				95BBFA8E1F51345E00CFEDE0 /* MjVideoPlayerUITests */,
			);
		};
/* End PBXProject section */

/* Begin PBXResourcesBuildPhase section */
		95BBFA711F51345E00CFEDE0 /* Resources */ = {
			isa = PBXResourcesBuildPhase;
			buildActionMask = 2147483647;
			files = (
				95C4A1C11F5164CC00EC928D /* o_img_00017.png in Resources */,
				95C4A1BD1F5164CC00EC928D /* o_img_00013.png in Resources */,
				95C4A1D71F5164CC00EC928D /* o_img_00039.png in Resources */,
				95C4A1CC1F5164CC00EC928D /* o_img_00028.png in Resources */,
				95C4A1BB1F5164CC00EC928D /* o_img_00011.png in Resources */,
				95C4A1E01F5164CC00EC928D /* o_img_00048.png in Resources */,
				95C4A1DD1F5164CC00EC928D /* o_img_00045.png in Resources */,
				95C4A1D31F5164CC00EC928D /* o_img_00035.png in Resources */,
				95C4A1C71F5164CC00EC928D /* o_img_00023.png in Resources */,
				95C4A1D51F5164CC00EC928D /* o_img_00037.png in Resources */,
				95C49EEB1F51624600EC928D /* loading.gif in Resources */,
				95C4A1C81F5164CC00EC928D /* o_img_00024.png in Resources */,
				95C4A1CD1F5164CC00EC928D /* o_img_00029.png in Resources */,
				95C4A1BE1F5164CC00EC928D /* o_img_00014.png in Resources */,
				95C4A1C01F5164CC00EC928D /* o_img_00016.png in Resources */,
				95C4A1CF1F5164CC00EC928D /* o_img_00031.png in Resources */,
				95C4A1DA1F5164CC00EC928D /* o_img_00042.png in Resources */,
				95C4A1B51F5164CC00EC928D /* o_img_00005.png in Resources */,
				95C4A1B11F5164CC00EC928D /* o_img_00001.png in Resources */,
				95C4A1BA1F5164CC00EC928D /* o_img_00010.png in Resources */,
				95C4A1D11F5164CC00EC928D /* o_img_00033.png in Resources */,
				95C4A1DB1F5164CC00EC928D /* o_img_00043.png in Resources */,
				95C4A1BC1F5164CC00EC928D /* o_img_00012.png in Resources */,
				95C4A1CE1F5164CC00EC928D /* o_img_00030.png in Resources */,
				95C4A1D01F5164CC00EC928D /* o_img_00032.png in Resources */,
				95C4A1C41F5164CC00EC928D /* o_img_00020.png in Resources */,
				95C4A1B81F5164CC00EC928D /* o_img_00008.png in Resources */,
				95C4A1B21F5164CC00EC928D /* o_img_00002.png in Resources */,
				95C4A1C91F5164CC00EC928D /* o_img_00025.png in Resources */,
				95C4A1E21F5164CC00EC928D /* o_img_00050.png in Resources */,
				95C4A1E11F5164CC00EC928D /* o_img_00049.png in Resources */,
				95C4A1D91F5164CC00EC928D /* o_img_00041.png in Resources */,
				95C4A1DF1F5164CC00EC928D /* o_img_00047.png in Resources */,
				95C4A1B91F5164CC00EC928D /* o_img_00009.png in Resources */,
				95C4A17E1F5162A500EC928D /* Main.storyboard in Resources */,
				95C4A1C31F5164CC00EC928D /* o_img_00019.png in Resources */,
				95C4A1C21F5164CC00EC928D /* o_img_00018.png in Resources */,
				95C4A1D81F5164CC00EC928D /* o_img_00040.png in Resources */,
				95C4A1B61F5164CC00EC928D /* o_img_00006.png in Resources */,
				95C4A1D61F5164CC00EC928D /* o_img_00038.png in Resources */,
				95C4A1D21F5164CC00EC928D /* o_img_00034.png in Resources */,
				95C4A1D41F5164CC00EC928D /* o_img_00036.png in Resources */,
				95C4A1DC1F5164CC00EC928D /* o_img_00044.png in Resources */,
				95C4A1C61F5164CC00EC928D /* o_img_00022.png in Resources */,
				95C49EEC1F51624600EC928D /* test.mp4 in Resources */,
				95C4A1CB1F5164CC00EC928D /* o_img_00027.png in Resources */,
				95C4A1BF1F5164CC00EC928D /* o_img_00015.png in Resources */,
				95C4A1CA1F5164CC00EC928D /* o_img_00026.png in Resources */,
				95C4A1B71F5164CC00EC928D /* o_img_00007.png in Resources */,
				95C4A1DE1F5164CC00EC928D /* o_img_00046.png in Resources */,
				95C4A1B31F5164CC00EC928D /* o_img_00003.png in Resources */,
				95C4A1B41F5164CC00EC928D /* o_img_00004.png in Resources */,
				95C4A1C51F5164CC00EC928D /* o_img_00021.png in Resources */,
			);
			runOnlyForDeploymentPostprocessing = 0;
		};
		95BBFA821F51345E00CFEDE0 /* Resources */ = {
			isa = PBXResourcesBuildPhase;
			buildActionMask = 2147483647;
			files = (
			);
			runOnlyForDeploymentPostprocessing = 0;
		};
		95BBFA8D1F51345E00CFEDE0 /* Resources */ = {
			isa = PBXResourcesBuildPhase;
			buildActionMask = 2147483647;
			files = (
			);
			runOnlyForDeploymentPostprocessing = 0;
		};
/* End PBXResourcesBuildPhase section */

/* Begin PBXSourcesBuildPhase section */
		95BBFA6F1F51345E00CFEDE0 /* Sources */ = {
			isa = PBXSourcesBuildPhase;
			buildActionMask = 2147483647;
			files = (
				95C49EED1F51624600EC928D /* ViewController.swift in Sources */,
				95C49EEA1F51624600EC928D /* AppDelegate.swift in Sources */,
			);
			runOnlyForDeploymentPostprocessing = 0;
		};
		95BBFA801F51345E00CFEDE0 /* Sources */ = {
			isa = PBXSourcesBuildPhase;
			buildActionMask = 2147483647;
			files = (
				95BBFA891F51345E00CFEDE0 /* MjVideoPlayerTests.swift in Sources */,
			);
			runOnlyForDeploymentPostprocessing = 0;
		};
		95BBFA8B1F51345E00CFEDE0 /* Sources */ = {
			isa = PBXSourcesBuildPhase;
			buildActionMask = 2147483647;
			files = (
				95BBFA941F51345E00CFEDE0 /* MjVideoPlayerUITests.swift in Sources */,
			);
			runOnlyForDeploymentPostprocessing = 0;
		};
/* End PBXSourcesBuildPhase section */

/* Begin PBXTargetDependency section */
		95BBFA861F51345E00CFEDE0 /* PBXTargetDependency */ = {
			isa = PBXTargetDependency;
			target = 95BBFA721F51345E00CFEDE0 /* MjVideoPlayer */;
			targetProxy = 95BBFA851F51345E00CFEDE0 /* PBXContainerItemProxy */;
		};
		95BBFA911F51345E00CFEDE0 /* PBXTargetDependency */ = {
			isa = PBXTargetDependency;
			target = 95BBFA721F51345E00CFEDE0 /* MjVideoPlayer */;
			targetProxy = 95BBFA901F51345E00CFEDE0 /* PBXContainerItemProxy */;
		};
/* End PBXTargetDependency section */

/* Begin PBXVariantGroup section */
		95C4A0A21F5162A500EC928D /* Main.storyboard */ = {
			isa = PBXVariantGroup;
			children = (
				95C4A0A31F5162A500EC928D /* Base */,
			);
			name = Main.storyboard;
			sourceTree = "<group>";
		};
/* End PBXVariantGroup section */

/* Begin XCBuildConfiguration section */
		95BBFA961F51345E00CFEDE0 /* Debug */ = {
			isa = XCBuildConfiguration;
			buildSettings = {
				ALWAYS_SEARCH_USER_PATHS = NO;
				CLANG_ANALYZER_NONNULL = YES;
				CLANG_ANALYZER_NUMBER_OBJECT_CONVERSION = YES_AGGRESSIVE;
				CLANG_CXX_LANGUAGE_STANDARD = "gnu++0x";
				CLANG_CXX_LIBRARY = "libc++";
				CLANG_ENABLE_MODULES = YES;
				CLANG_ENABLE_OBJC_ARC = YES;
				CLANG_WARN_BOOL_CONVERSION = YES;
				CLANG_WARN_CONSTANT_CONVERSION = YES;
				CLANG_WARN_DIRECT_OBJC_ISA_USAGE = YES_ERROR;
				CLANG_WARN_DOCUMENTATION_COMMENTS = YES;
				CLANG_WARN_EMPTY_BODY = YES;
				CLANG_WARN_ENUM_CONVERSION = YES;
				CLANG_WARN_INFINITE_RECURSION = YES;
				CLANG_WARN_INT_CONVERSION = YES;
				CLANG_WARN_OBJC_ROOT_CLASS = YES_ERROR;
				CLANG_WARN_SUSPICIOUS_MOVE = YES;
				CLANG_WARN_UNREACHABLE_CODE = YES;
				CLANG_WARN__DUPLICATE_METHOD_MATCH = YES;
				CODE_SIGN_IDENTITY = "-";
				COPY_PHASE_STRIP = NO;
				DEBUG_INFORMATION_FORMAT = dwarf;
				ENABLE_STRICT_OBJC_MSGSEND = YES;
				ENABLE_TESTABILITY = YES;
				GCC_C_LANGUAGE_STANDARD = gnu99;
				GCC_DYNAMIC_NO_PIC = NO;
				GCC_NO_COMMON_BLOCKS = YES;
				GCC_OPTIMIZATION_LEVEL = 0;
				GCC_PREPROCESSOR_DEFINITIONS = (
					"DEBUG=1",
					"$(inherited)",
				);
				GCC_WARN_64_TO_32_BIT_CONVERSION = YES;
				GCC_WARN_ABOUT_RETURN_TYPE = YES_ERROR;
				GCC_WARN_UNDECLARED_SELECTOR = YES;
				GCC_WARN_UNINITIALIZED_AUTOS = YES_AGGRESSIVE;
				GCC_WARN_UNUSED_FUNCTION = YES;
				GCC_WARN_UNUSED_VARIABLE = YES;
				MACOSX_DEPLOYMENT_TARGET = 10.12;
				MTL_ENABLE_DEBUG_INFO = YES;
				ONLY_ACTIVE_ARCH = YES;
				SDKROOT = macosx;
				SWIFT_ACTIVE_COMPILATION_CONDITIONS = DEBUG;
				SWIFT_OPTIMIZATION_LEVEL = "-Onone";
			};
			name = Debug;
		};
		95BBFA971F51345E00CFEDE0 /* Release */ = {
			isa = XCBuildConfiguration;
			buildSettings = {
				ALWAYS_SEARCH_USER_PATHS = NO;
				CLANG_ANALYZER_NONNULL = YES;
				CLANG_ANALYZER_NUMBER_OBJECT_CONVERSION = YES_AGGRESSIVE;
				CLANG_CXX_LANGUAGE_STANDARD = "gnu++0x";
				CLANG_CXX_LIBRARY = "libc++";
				CLANG_ENABLE_MODULES = YES;
				CLANG_ENABLE_OBJC_ARC = YES;
				CLANG_WARN_BOOL_CONVERSION = YES;
				CLANG_WARN_CONSTANT_CONVERSION = YES;
				CLANG_WARN_DIRECT_OBJC_ISA_USAGE = YES_ERROR;
				CLANG_WARN_DOCUMENTATION_COMMENTS = YES;
				CLANG_WARN_EMPTY_BODY = YES;
				CLANG_WARN_ENUM_CONVERSION = YES;
				CLANG_WARN_INFINITE_RECURSION = YES;
				CLANG_WARN_INT_CONVERSION = YES;
				CLANG_WARN_OBJC_ROOT_CLASS = YES_ERROR;
				CLANG_WARN_SUSPICIOUS_MOVE = YES;
				CLANG_WARN_UNREACHABLE_CODE = YES;
				CLANG_WARN__DUPLICATE_METHOD_MATCH = YES;
				CODE_SIGN_IDENTITY = "-";
				COPY_PHASE_STRIP = NO;
				DEBUG_INFORMATION_FORMAT = "dwarf-with-dsym";
				ENABLE_NS_ASSERTIONS = NO;
				ENABLE_STRICT_OBJC_MSGSEND = YES;
				GCC_C_LANGUAGE_STANDARD = gnu99;
				GCC_NO_COMMON_BLOCKS = YES;
				GCC_WARN_64_TO_32_BIT_CONVERSION = YES;
				GCC_WARN_ABOUT_RETURN_TYPE = YES_ERROR;
				GCC_WARN_UNDECLARED_SELECTOR = YES;
				GCC_WARN_UNINITIALIZED_AUTOS = YES_AGGRESSIVE;
				GCC_WARN_UNUSED_FUNCTION = YES;
				GCC_WARN_UNUSED_VARIABLE = YES;
				MACOSX_DEPLOYMENT_TARGET = 10.12;
				MTL_ENABLE_DEBUG_INFO = NO;
				SDKROOT = macosx;
				SWIFT_OPTIMIZATION_LEVEL = "-Owholemodule";
			};
			name = Release;
		};
		95BBFA991F51345E00CFEDE0 /* Debug */ = {
			isa = XCBuildConfiguration;
			buildSettings = {
				ASSETCATALOG_COMPILER_APPICON_NAME = AppIcon;
				CLANG_ENABLE_MODULES = YES;
				COMBINE_HIDPI_IMAGES = YES;
				INFOPLIST_FILE = MjVideoPlayer/Info.plist;
				LD_RUNPATH_SEARCH_PATHS = "$(inherited) @executable_path/../Frameworks";
				PRODUCT_BUNDLE_IDENTIFIER = com.mjalgorithm.MjVideoPlayer;
				PRODUCT_NAME = "$(TARGET_NAME)";
				SWIFT_OPTIMIZATION_LEVEL = "-Onone";
				SWIFT_VERSION = 3.0;
			};
			name = Debug;
		};
		95BBFA9A1F51345E00CFEDE0 /* Release */ = {
			isa = XCBuildConfiguration;
			buildSettings = {
				ASSETCATALOG_COMPILER_APPICON_NAME = AppIcon;
				CLANG_ENABLE_MODULES = YES;
				COMBINE_HIDPI_IMAGES = YES;
				INFOPLIST_FILE = MjVideoPlayer/Info.plist;
				LD_RUNPATH_SEARCH_PATHS = "$(inherited) @executable_path/../Frameworks";
				PRODUCT_BUNDLE_IDENTIFIER = com.mjalgorithm.MjVideoPlayer;
				PRODUCT_NAME = "$(TARGET_NAME)";
				SWIFT_VERSION = 3.0;
			};
			name = Release;
		};
		95BBFA9C1F51345E00CFEDE0 /* Debug */ = {
			isa = XCBuildConfiguration;
			buildSettings = {
				ALWAYS_EMBED_SWIFT_STANDARD_LIBRARIES = YES;
				BUNDLE_LOADER = "$(TEST_HOST)";
				COMBINE_HIDPI_IMAGES = YES;
				INFOPLIST_FILE = MjVideoPlayerTests/Info.plist;
				LD_RUNPATH_SEARCH_PATHS = "$(inherited) @executable_path/../Frameworks @loader_path/../Frameworks";
				PRODUCT_BUNDLE_IDENTIFIER = com.mjalgorithm.MjVideoPlayerTests;
				PRODUCT_NAME = "$(TARGET_NAME)";
				SWIFT_VERSION = 3.0;
				TEST_HOST = "$(BUILT_PRODUCTS_DIR)/MjVideoPlayer.app/Contents/MacOS/MjVideoPlayer";
			};
			name = Debug;
		};
		95BBFA9D1F51345E00CFEDE0 /* Release */ = {
			isa = XCBuildConfiguration;
			buildSettings = {
				ALWAYS_EMBED_SWIFT_STANDARD_LIBRARIES = YES;
				BUNDLE_LOADER = "$(TEST_HOST)";
				COMBINE_HIDPI_IMAGES = YES;
				INFOPLIST_FILE = MjVideoPlayerTests/Info.plist;
				LD_RUNPATH_SEARCH_PATHS = "$(inherited) @executable_path/../Frameworks @loader_path/../Frameworks";
				PRODUCT_BUNDLE_IDENTIFIER = com.mjalgorithm.MjVideoPlayerTests;
				PRODUCT_NAME = "$(TARGET_NAME)";
				SWIFT_VERSION = 3.0;
				TEST_HOST = "$(BUILT_PRODUCTS_DIR)/MjVideoPlayer.app/Contents/MacOS/MjVideoPlayer";
			};
			name = Release;
		};
		95BBFA9F1F51345E00CFEDE0 /* Debug */ = {
			isa = XCBuildConfiguration;
			buildSettings = {
				ALWAYS_EMBED_SWIFT_STANDARD_LIBRARIES = YES;
				COMBINE_HIDPI_IMAGES = YES;
				INFOPLIST_FILE = MjVideoPlayerUITests/Info.plist;
				LD_RUNPATH_SEARCH_PATHS = "$(inherited) @executable_path/../Frameworks @loader_path/../Frameworks";
				PRODUCT_BUNDLE_IDENTIFIER = com.mjalgorithm.MjVideoPlayerUITests;
				PRODUCT_NAME = "$(TARGET_NAME)";
				SWIFT_VERSION = 3.0;
				TEST_TARGET_NAME = MjVideoPlayer;
			};
			name = Debug;
		};
		95BBFAA01F51345E00CFEDE0 /* Release */ = {
			isa = XCBuildConfiguration;
			buildSettings = {
				ALWAYS_EMBED_SWIFT_STANDARD_LIBRARIES = YES;
				COMBINE_HIDPI_IMAGES = YES;
				INFOPLIST_FILE = MjVideoPlayerUITests/Info.plist;
				LD_RUNPATH_SEARCH_PATHS = "$(inherited) @executable_path/../Frameworks @loader_path/../Frameworks";
				PRODUCT_BUNDLE_IDENTIFIER = com.mjalgorithm.MjVideoPlayerUITests;
				PRODUCT_NAME = "$(TARGET_NAME)";
				SWIFT_VERSION = 3.0;
				TEST_TARGET_NAME = MjVideoPlayer;
			};
			name = Release;
		};
/* End XCBuildConfiguration section */

/* Begin XCConfigurationList section */
		95BBFA6E1F51345E00CFEDE0 /* Build configuration list for PBXProject "MjVideoPlayer" */ = {
			isa = XCConfigurationList;
			buildConfigurations = (
				95BBFA961F51345E00CFEDE0 /* Debug */,
				95BBFA971F51345E00CFEDE0 /* Release */,
			);
			defaultConfigurationIsVisible = 0;
			defaultConfigurationName = Release;
		};
		95BBFA981F51345E00CFEDE0 /* Build configuration list for PBXNativeTarget "MjVideoPlayer" */ = {
			isa = XCConfigurationList;
			buildConfigurations = (
				95BBFA991F51345E00CFEDE0 /* Debug */,
				95BBFA9A1F51345E00CFEDE0 /* Release */,
			);
			defaultConfigurationIsVisible = 0;
			defaultConfigurationName = Release;
		};
		95BBFA9B1F51345E00CFEDE0 /* Build configuration list for PBXNativeTarget "MjVideoPlayerTests" */ = {
			isa = XCConfigurationList;
			buildConfigurations = (
				95BBFA9C1F51345E00CFEDE0 /* Debug */,
				95BBFA9D1F51345E00CFEDE0 /* Release */,
			);
			defaultConfigurationIsVisible = 0;
			defaultConfigurationName = Release;
		};
		95BBFA9E1F51345E00CFEDE0 /* Build configuration list for PBXNativeTarget "MjVideoPlayerUITests" */ = {
			isa = XCConfigurationList;
			buildConfigurations = (
				95BBFA9F1F51345E00CFEDE0 /* Debug */,
				95BBFAA01F51345E00CFEDE0 /* Release */,
			);
			defaultConfigurationIsVisible = 0;
			defaultConfigurationName = Release;
		};
/* End XCConfigurationList section */
	};
	rootObject = 95BBFA6B1F51345E00CFEDE0 /* Project object */;
}
